
Microsoft Visual Studio Solution File, Format Version 12.00
# Visual Studio Version 17
VisualStudioVersion = 17.11.35312.102
MinimumVisualStudioVersion = 10.0.40219.1
Project("{FAE04EC0-301F-11D3-BF4B-00C04F79EFBC}") = "ExpenseTracker", "ExpenseTracker\ExpenseTracker.csproj", "{FEDD38CB-00E5-4E14-8C22-DA3FBFEBA7C2}"
EndProject
Global
	GlobalSection(SolutionConfigurationPlatforms) = preSolution
		Debug|Any CPU = Debug|Any CPU
		Release|Any CPU = Release|Any CPU
	EndGlobalSection
	GlobalSection(ProjectConfigurationPlatforms) = postSolution
		{FEDD38CB-00E5-4E14-8C22-DA3FBFEBA7C2}.Debug|Any CPU.ActiveCfg = Debug|Any CPU
		{FEDD38CB-00E5-4E14-8C22-DA3FBFEBA7C2}.Debug|Any CPU.Build.0 = Debug|Any CPU
		{FEDD38CB-00E5-4E14-8C22-DA3FBFEBA7C2}.Release|Any CPU.ActiveCfg = Release|Any CPU
		{FEDD38CB-00E5-4E14-8C22-DA3FBFEBA7C2}.Release|Any CPU.Build.0 = Release|Any CPU
	EndGlobalSection
	GlobalSection(SolutionProperties) = preSolution
		HideSolutionNode = FALSE
	EndGlobalSection
	GlobalSection(ExtensibilityGlobals) = postSolution
		SolutionGuid = {92FFA787-45D2-4277-B8F2-0DFF56DE3BBA}
	EndGlobalSection
EndGlobal
